
Microsoft Visual Studio Solution File, Format Version 12.00
# Visual Studio Version 17
VisualStudioVersion = 17.7.34221.43
MinimumVisualStudioVersion = 10.0.40219.1
Project("{FAE04EC0-301F-11D3-BF4B-00C04F79EFBC}") = "Assignment5-part2", "Assignment5-part2.csproj", "{C166A366-A255-497F-9F55-3B814EE46C21}"
EndProject
Global
	GlobalSection(SolutionConfigurationPlatforms) = preSolution
		Debug|Any CPU = Debug|Any CPU
		Release|Any CPU = Release|Any CPU
	EndGlobalSection
	GlobalSection(ProjectConfigurationPlatforms) = postSolution
		{C166A366-A255-497F-9F55-3B814EE46C21}.Debug|Any CPU.ActiveCfg = Debug|Any CPU
		{C166A366-A255-497F-9F55-3B814EE46C21}.Debug|Any CPU.Build.0 = Debug|Any CPU
		{C166A366-A255-497F-9F55-3B814EE46C21}.Release|Any CPU.ActiveCfg = Release|Any CPU
		{C166A366-A255-497F-9F55-3B814EE46C21}.Release|Any CPU.Build.0 = Release|Any CPU
	EndGlobalSection
	GlobalSection(SolutionProperties) = preSolution
		HideSolutionNode = FALSE
	EndGlobalSection
	GlobalSection(ExtensibilityGlobals) = postSolution
		SolutionGuid = {C153D1E1-4791-40B5-9118-1955B402CEC7}
	EndGlobalSection
EndGlobal
